
Microsoft Visual Studio Solution File, Format Version 12.00
# Visual Studio 15
VisualStudioVersion = 15.0.28307.136
MinimumVisualStudioVersion = 10.0.40219.1
Project("{FAE04EC0-301F-11D3-BF4B-00C04F79EFBC}") = "InheritanceDemo", "InheritanceDemo\InheritanceDemo.csproj", "{B8747536-25B7-4D55-81B0-97E99112846E}"
EndProject
Project("{FAE04EC0-301F-11D3-BF4B-00C04F79EFBC}") = "Delegates", "Delegates\Delegates.csproj", "{07003126-BED4-450B-981D-0A3E98D484F8}"
EndProject
Project("{FAE04EC0-301F-11D3-BF4B-00C04F79EFBC}") = "ExtensionMethodProject", "ExtensionMethodProject\ExtensionMethodProject.csproj", "{B9EF23FE-0D0A-42B8-930B-F3A3B43C5D30}"
EndProject
Project("{FAE04EC0-301F-11D3-BF4B-00C04F79EFBC}") = "ExceptionHandling", "ExceptionHandling\ExceptionHandling.csproj", "{12B02065-0C20-4DE0-B56A-9EC133877A9F}"
EndProject
Project("{FAE04EC0-301F-11D3-BF4B-00C04F79EFBC}") = "LinqToSql", "LinqToSql\LinqToSql.csproj", "{B8DA4089-8EC7-44D3-9BD2-B21135B34D30}"
EndProject
Global
	GlobalSection(SolutionConfigurationPlatforms) = preSolution
		Debug|Any CPU = Debug|Any CPU
		Release|Any CPU = Release|Any CPU
	EndGlobalSection
	GlobalSection(ProjectConfigurationPlatforms) = postSolution
		{B8747536-25B7-4D55-81B0-97E99112846E}.Debug|Any CPU.ActiveCfg = Debug|Any CPU
		{B8747536-25B7-4D55-81B0-97E99112846E}.Debug|Any CPU.Build.0 = Debug|Any CPU
		{B8747536-25B7-4D55-81B0-97E99112846E}.Release|Any CPU.ActiveCfg = Release|Any CPU
		{B8747536-25B7-4D55-81B0-97E99112846E}.Release|Any CPU.Build.0 = Release|Any CPU
		{07003126-BED4-450B-981D-0A3E98D484F8}.Debug|Any CPU.ActiveCfg = Debug|Any CPU
		{07003126-BED4-450B-981D-0A3E98D484F8}.Debug|Any CPU.Build.0 = Debug|Any CPU
		{07003126-BED4-450B-981D-0A3E98D484F8}.Release|Any CPU.ActiveCfg = Release|Any CPU
		{07003126-BED4-450B-981D-0A3E98D484F8}.Release|Any CPU.Build.0 = Release|Any CPU
		{B9EF23FE-0D0A-42B8-930B-F3A3B43C5D30}.Debug|Any CPU.ActiveCfg = Debug|Any CPU
		{B9EF23FE-0D0A-42B8-930B-F3A3B43C5D30}.Debug|Any CPU.Build.0 = Debug|Any CPU
		{B9EF23FE-0D0A-42B8-930B-F3A3B43C5D30}.Release|Any CPU.ActiveCfg = Release|Any CPU
		{B9EF23FE-0D0A-42B8-930B-F3A3B43C5D30}.Release|Any CPU.Build.0 = Release|Any CPU
		{12B02065-0C20-4DE0-B56A-9EC133877A9F}.Debug|Any CPU.ActiveCfg = Debug|Any CPU
		{12B02065-0C20-4DE0-B56A-9EC133877A9F}.Debug|Any CPU.Build.0 = Debug|Any CPU
		{12B02065-0C20-4DE0-B56A-9EC133877A9F}.Release|Any CPU.ActiveCfg = Release|Any CPU
		{12B02065-0C20-4DE0-B56A-9EC133877A9F}.Release|Any CPU.Build.0 = Release|Any CPU
		{B8DA4089-8EC7-44D3-9BD2-B21135B34D30}.Debug|Any CPU.ActiveCfg = Debug|Any CPU
		{B8DA4089-8EC7-44D3-9BD2-B21135B34D30}.Debug|Any CPU.Build.0 = Debug|Any CPU
		{B8DA4089-8EC7-44D3-9BD2-B21135B34D30}.Release|Any CPU.ActiveCfg = Release|Any CPU
		{B8DA4089-8EC7-44D3-9BD2-B21135B34D30}.Release|Any CPU.Build.0 = Release|Any CPU
	EndGlobalSection
	GlobalSection(SolutionProperties) = preSolution
		HideSolutionNode = FALSE
	EndGlobalSection
	GlobalSection(ExtensibilityGlobals) = postSolution
		SolutionGuid = {1C1E6BD4-9EEE-42F0-8687-C7D7511263DF}
	EndGlobalSection
EndGlobal
